
Microsoft Visual Studio Solution File, Format Version 12.00
# Visual Studio 15
VisualStudioVersion = 15.0.28010.2046
MinimumVisualStudioVersion = 10.0.40219.1
Project("{FAE04EC0-301F-11D3-BF4B-00C04F79EFBC}") = "LabSintaxis4_4", "LabSintaxis4_4\LabSintaxis4_4.csproj", "{3357DD6D-00A9-4AB1-AB0F-F145A3C6BBCF}"
EndProject
Global
	GlobalSection(SolutionConfigurationPlatforms) = preSolution
		Debug|Any CPU = Debug|Any CPU
		Release|Any CPU = Release|Any CPU
	EndGlobalSection
	GlobalSection(ProjectConfigurationPlatforms) = postSolution
		{3357DD6D-00A9-4AB1-AB0F-F145A3C6BBCF}.Debug|Any CPU.ActiveCfg = Debug|Any CPU
		{3357DD6D-00A9-4AB1-AB0F-F145A3C6BBCF}.Debug|Any CPU.Build.0 = Debug|Any CPU
		{3357DD6D-00A9-4AB1-AB0F-F145A3C6BBCF}.Release|Any CPU.ActiveCfg = Release|Any CPU
		{3357DD6D-00A9-4AB1-AB0F-F145A3C6BBCF}.Release|Any CPU.Build.0 = Release|Any CPU
	EndGlobalSection
	GlobalSection(SolutionProperties) = preSolution
		HideSolutionNode = FALSE
	EndGlobalSection
	GlobalSection(ExtensibilityGlobals) = postSolution
		SolutionGuid = {6125423F-CC09-4C18-90EB-EDA7F0994711}
	EndGlobalSection
EndGlobal
